// !$*UTF8*$!
{
	archiveVersion = 1;
	classes = {
	};
	objectVersion = 46;
	objects = {

/* Begin PBXBuildFile section */
		1BE8DDCB1DC911CB0038A78C /* AppDelegate.swift in Sources */ = {isa = PBXBuildFile; fileRef = 1BE8DDCA1DC911CB0038A78C /* AppDelegate.swift */; };
		1BE8DDCD1DC911CB0038A78C /* ViewController.swift in Sources */ = {isa = PBXBuildFile; fileRef = 1BE8DDCC1DC911CB0038A78C /* ViewController.swift */; };
		1BE8DDD01DC911CB0038A78C /* Main.storyboard in Resources */ = {isa = PBXBuildFile; fileRef = 1BE8DDCE1DC911CB0038A78C /* Main.storyboard */; };
		1BE8DDD21DC911CB0038A78C /* Assets.xcassets in Resources */ = {isa = PBXBuildFile; fileRef = 1BE8DDD11DC911CB0038A78C /* Assets.xcassets */; };
		1BE8DDD51DC911CB0038A78C /* LaunchScreen.storyboard in Resources */ = {isa = PBXBuildFile; fileRef = 1BE8DDD31DC911CB0038A78C /* LaunchScreen.storyboard */; };
		1BE8DDE01DC911CB0038A78C /* AssessmentGithubTests.swift in Sources */ = {isa = PBXBuildFile; fileRef = 1BE8DDDF1DC911CB0038A78C /* AssessmentGithubTests.swift */; };
		1BE8DDEB1DC911CB0038A78C /* AssessmentGithubUITests.swift in Sources */ = {isa = PBXBuildFile; fileRef = 1BE8DDEA1DC911CB0038A78C /* AssessmentGithubUITests.swift */; };
		1BE8DDF91DC911E00038A78C /* GithubAPIClient.swift in Sources */ = {isa = PBXBuildFile; fileRef = 1BE8DDF81DC911E00038A78C /* GithubAPIClient.swift */; };
		1BE8DDFB1DC915460038A78C /* Secrets.swift in Sources */ = {isa = PBXBuildFile; fileRef = 1BE8DDFA1DC915460038A78C /* Secrets.swift */; };
		1BE8DDFD1DC91AC40038A78C /* GithubUser.swift in Sources */ = {isa = PBXBuildFile; fileRef = 1BE8DDFC1DC91AC40038A78C /* GithubUser.swift */; };
		1BE8DDFF1DC91BCF0038A78C /* GithubUserDataStore.swift in Sources */ = {isa = PBXBuildFile; fileRef = 1BE8DDFE1DC91BCF0038A78C /* GithubUserDataStore.swift */; };
/* End PBXBuildFile section */

/* Begin PBXContainerItemProxy section */
		1BE8DDDC1DC911CB0038A78C /* PBXContainerItemProxy */ = {
			isa = PBXContainerItemProxy;
			containerPortal = 1BE8DDBF1DC911CB0038A78C /* Project object */;
			proxyType = 1;
			remoteGlobalIDString = 1BE8DDC61DC911CB0038A78C;
			remoteInfo = AssessmentGithub;
		};
		1BE8DDE71DC911CB0038A78C /* PBXContainerItemProxy */ = {
			isa = PBXContainerItemProxy;
			containerPortal = 1BE8DDBF1DC911CB0038A78C /* Project object */;
			proxyType = 1;
			remoteGlobalIDString = 1BE8DDC61DC911CB0038A78C;
			remoteInfo = AssessmentGithub;
		};
/* End PBXContainerItemProxy section */

/* Begin PBXFileReference section */
		1BE8DDC71DC911CB0038A78C /* AssessmentGithub.app */ = {isa = PBXFileReference; explicitFileType = wrapper.application; includeInIndex = 0; path = AssessmentGithub.app; sourceTree = BUILT_PRODUCTS_DIR; };
		1BE8DDCA1DC911CB0038A78C /* AppDelegate.swift */ = {isa = PBXFileReference; lastKnownFileType = sourcecode.swift; path = AppDelegate.swift; sourceTree = "<group>"; };
		1BE8DDCC1DC911CB0038A78C /* ViewController.swift */ = {isa = PBXFileReference; lastKnownFileType = sourcecode.swift; path = ViewController.swift; sourceTree = "<group>"; };
		1BE8DDCF1DC911CB0038A78C /* Base */ = {isa = PBXFileReference; lastKnownFileType = file.storyboard; name = Base; path = Base.lproj/Main.storyboard; sourceTree = "<group>"; };
		1BE8DDD11DC911CB0038A78C /* Assets.xcassets */ = {isa = PBXFileReference; lastKnownFileType = folder.assetcatalog; path = Assets.xcassets; sourceTree = "<group>"; };
		1BE8DDD41DC911CB0038A78C /* Base */ = {isa = PBXFileReference; lastKnownFileType = file.storyboard; name = Base; path = Base.lproj/LaunchScreen.storyboard; sourceTree = "<group>"; };
		1BE8DDD61DC911CB0038A78C /* Info.plist */ = {isa = PBXFileReference; lastKnownFileType = text.plist.xml; path = Info.plist; sourceTree = "<group>"; };
		1BE8DDDB1DC911CB0038A78C /* AssessmentGithubTests.xctest */ = {isa = PBXFileReference; explicitFileType = wrapper.cfbundle; includeInIndex = 0; path = AssessmentGithubTests.xctest; sourceTree = BUILT_PRODUCTS_DIR; };
		1BE8DDDF1DC911CB0038A78C /* AssessmentGithubTests.swift */ = {isa = PBXFileReference; lastKnownFileType = sourcecode.swift; path = AssessmentGithubTests.swift; sourceTree = "<group>"; };
		1BE8DDE11DC911CB0038A78C /* Info.plist */ = {isa = PBXFileReference; lastKnownFileType = text.plist.xml; path = Info.plist; sourceTree = "<group>"; };
		1BE8DDE61DC911CB0038A78C /* AssessmentGithubUITests.xctest */ = {isa = PBXFileReference; explicitFileType = wrapper.cfbundle; includeInIndex = 0; path = AssessmentGithubUITests.xctest; sourceTree = BUILT_PRODUCTS_DIR; };
		1BE8DDEA1DC911CB0038A78C /* AssessmentGithubUITests.swift */ = {isa = PBXFileReference; lastKnownFileType = sourcecode.swift; path = AssessmentGithubUITests.swift; sourceTree = "<group>"; };
		1BE8DDEC1DC911CB0038A78C /* Info.plist */ = {isa = PBXFileReference; lastKnownFileType = text.plist.xml; path = Info.plist; sourceTree = "<group>"; };
		1BE8DDF81DC911E00038A78C /* GithubAPIClient.swift */ = {isa = PBXFileReference; fileEncoding = 4; lastKnownFileType = sourcecode.swift; path = GithubAPIClient.swift; sourceTree = "<group>"; };
		1BE8DDFA1DC915460038A78C /* Secrets.swift */ = {isa = PBXFileReference; fileEncoding = 4; lastKnownFileType = sourcecode.swift; path = Secrets.swift; sourceTree = "<group>"; };
		1BE8DDFC1DC91AC40038A78C /* GithubUser.swift */ = {isa = PBXFileReference; fileEncoding = 4; lastKnownFileType = sourcecode.swift; path = GithubUser.swift; sourceTree = "<group>"; };
		1BE8DDFE1DC91BCF0038A78C /* GithubUserDataStore.swift */ = {isa = PBXFileReference; fileEncoding = 4; lastKnownFileType = sourcecode.swift; path = GithubUserDataStore.swift; sourceTree = "<group>"; };
/* End PBXFileReference section */

/* Begin PBXFrameworksBuildPhase section */
		1BE8DDC41DC911CB0038A78C /* Frameworks */ = {
			isa = PBXFrameworksBuildPhase;
			buildActionMask = 2147483647;
			files = (
			);
			runOnlyForDeploymentPostprocessing = 0;
		};
		1BE8DDD81DC911CB0038A78C /* Frameworks */ = {
			isa = PBXFrameworksBuildPhase;
			buildActionMask = 2147483647;
			files = (
			);
			runOnlyForDeploymentPostprocessing = 0;
		};
		1BE8DDE31DC911CB0038A78C /* Frameworks */ = {
			isa = PBXFrameworksBuildPhase;
			buildActionMask = 2147483647;
			files = (
			);
			runOnlyForDeploymentPostprocessing = 0;
		};
/* End PBXFrameworksBuildPhase section */

/* Begin PBXGroup section */
		1BE8DDBE1DC911CB0038A78C = {
			isa = PBXGroup;
			children = (
				1BE8DDC91DC911CB0038A78C /* AssessmentGithub */,
				1BE8DDDE1DC911CB0038A78C /* AssessmentGithubTests */,
				1BE8DDE91DC911CB0038A78C /* AssessmentGithubUITests */,
				1BE8DDC81DC911CB0038A78C /* Products */,
			);
			sourceTree = "<group>";
		};
		1BE8DDC81DC911CB0038A78C /* Products */ = {
			isa = PBXGroup;
			children = (
				1BE8DDC71DC911CB0038A78C /* AssessmentGithub.app */,
				1BE8DDDB1DC911CB0038A78C /* AssessmentGithubTests.xctest */,
				1BE8DDE61DC911CB0038A78C /* AssessmentGithubUITests.xctest */,
			);
			name = Products;
			sourceTree = "<group>";
		};
		1BE8DDC91DC911CB0038A78C /* AssessmentGithub */ = {
			isa = PBXGroup;
			children = (
				1BE8DDCA1DC911CB0038A78C /* AppDelegate.swift */,
				1BE8DDCC1DC911CB0038A78C /* ViewController.swift */,
				1BE8DDFE1DC91BCF0038A78C /* GithubUserDataStore.swift */,
				1BE8DDF81DC911E00038A78C /* GithubAPIClient.swift */,
				1BE8DDFC1DC91AC40038A78C /* GithubUser.swift */,
				1BE8DDFA1DC915460038A78C /* Secrets.swift */,
				1BE8DDCE1DC911CB0038A78C /* Main.storyboard */,
				1BE8DDD11DC911CB0038A78C /* Assets.xcassets */,
				1BE8DDD31DC911CB0038A78C /* LaunchScreen.storyboard */,
				1BE8DDD61DC911CB0038A78C /* Info.plist */,
			);
			path = AssessmentGithub;
			sourceTree = "<group>";
		};
		1BE8DDDE1DC911CB0038A78C /* AssessmentGithubTests */ = {
			isa = PBXGroup;
			children = (
				1BE8DDDF1DC911CB0038A78C /* AssessmentGithubTests.swift */,
				1BE8DDE11DC911CB0038A78C /* Info.plist */,
			);
			path = AssessmentGithubTests;
			sourceTree = "<group>";
		};
		1BE8DDE91DC911CB0038A78C /* AssessmentGithubUITests */ = {
			isa = PBXGroup;
			children = (
				1BE8DDEA1DC911CB0038A78C /* AssessmentGithubUITests.swift */,
				1BE8DDEC1DC911CB0038A78C /* Info.plist */,
			);
			path = AssessmentGithubUITests;
			sourceTree = "<group>";
		};
/* End PBXGroup section */

/* Begin PBXNativeTarget section */
		1BE8DDC61DC911CB0038A78C /* AssessmentGithub */ = {
			isa = PBXNativeTarget;
			buildConfigurationList = 1BE8DDEF1DC911CB0038A78C /* Build configuration list for PBXNativeTarget "AssessmentGithub" */;
			buildPhases = (
				1BE8DDC31DC911CB0038A78C /* Sources */,
				1BE8DDC41DC911CB0038A78C /* Frameworks */,
				1BE8DDC51DC911CB0038A78C /* Resources */,
			);
			buildRules = (
			);
			dependencies = (
			);
			name = AssessmentGithub;
			productName = AssessmentGithub;
			productReference = 1BE8DDC71DC911CB0038A78C /* AssessmentGithub.app */;
			productType = "com.apple.product-type.application";
		};
		1BE8DDDA1DC911CB0038A78C /* AssessmentGithubTests */ = {
			isa = PBXNativeTarget;
			buildConfigurationList = 1BE8DDF21DC911CB0038A78C /* Build configuration list for PBXNativeTarget "AssessmentGithubTests" */;
			buildPhases = (
				1BE8DDD71DC911CB0038A78C /* Sources */,
				1BE8DDD81DC911CB0038A78C /* Frameworks */,
				1BE8DDD91DC911CB0038A78C /* Resources */,
			);
			buildRules = (
			);
			dependencies = (
				1BE8DDDD1DC911CB0038A78C /* PBXTargetDependency */,
			);
			name = AssessmentGithubTests;
			productName = AssessmentGithubTests;
			productReference = 1BE8DDDB1DC911CB0038A78C /* AssessmentGithubTests.xctest */;
			productType = "com.apple.product-type.bundle.unit-test";
		};
		1BE8DDE51DC911CB0038A78C /* AssessmentGithubUITests */ = {
			isa = PBXNativeTarget;
			buildConfigurationList = 1BE8DDF51DC911CB0038A78C /* Build configuration list for PBXNativeTarget "AssessmentGithubUITests" */;
			buildPhases = (
				1BE8DDE21DC911CB0038A78C /* Sources */,
				1BE8DDE31DC911CB0038A78C /* Frameworks */,
				1BE8DDE41DC911CB0038A78C /* Resources */,
			);
			buildRules = (
			);
			dependencies = (
				1BE8DDE81DC911CB0038A78C /* PBXTargetDependency */,
			);
			name = AssessmentGithubUITests;
			productName = AssessmentGithubUITests;
			productReference = 1BE8DDE61DC911CB0038A78C /* AssessmentGithubUITests.xctest */;
			productType = "com.apple.product-type.bundle.ui-testing";
		};
/* End PBXNativeTarget section */

/* Begin PBXProject section */
		1BE8DDBF1DC911CB0038A78C /* Project object */ = {
			isa = PBXProject;
			attributes = {
				LastSwiftUpdateCheck = 0730;
				LastUpgradeCheck = 0730;
				ORGANIZATIONNAME = "Flatiron School";
				TargetAttributes = {
					1BE8DDC61DC911CB0038A78C = {
						CreatedOnToolsVersion = 7.3.1;
					};
					1BE8DDDA1DC911CB0038A78C = {
						CreatedOnToolsVersion = 7.3.1;
						TestTargetID = 1BE8DDC61DC911CB0038A78C;
					};
					1BE8DDE51DC911CB0038A78C = {
						CreatedOnToolsVersion = 7.3.1;
						TestTargetID = 1BE8DDC61DC911CB0038A78C;
					};
				};
			};
			buildConfigurationList = 1BE8DDC21DC911CB0038A78C /* Build configuration list for PBXProject "AssessmentGithub" */;
			compatibilityVersion = "Xcode 3.2";
			developmentRegion = English;
			hasScannedForEncodings = 0;
			knownRegions = (
				en,
				Base,
			);
			mainGroup = 1BE8DDBE1DC911CB0038A78C;
			productRefGroup = 1BE8DDC81DC911CB0038A78C /* Products */;
			projectDirPath = "";
			projectRoot = "";
			targets = (
				1BE8DDC61DC911CB0038A78C /* AssessmentGithub */,
				1BE8DDDA1DC911CB0038A78C /* AssessmentGithubTests */,
				1BE8DDE51DC911CB0038A78C /* AssessmentGithubUITests */,
			);
		};
/* End PBXProject section */

/* Begin PBXResourcesBuildPhase section */
		1BE8DDC51DC911CB0038A78C /* Resources */ = {
			isa = PBXResourcesBuildPhase;
			buildActionMask = 2147483647;
			files = (
				1BE8DDD51DC911CB0038A78C /* LaunchScreen.storyboard in Resources */,
				1BE8DDD21DC911CB0038A78C /* Assets.xcassets in Resources */,
				1BE8DDD01DC911CB0038A78C /* Main.storyboard in Resources */,
			);
			runOnlyForDeploymentPostprocessing = 0;
		};
		1BE8DDD91DC911CB0038A78C /* Resources */ = {
			isa = PBXResourcesBuildPhase;
			buildActionMask = 2147483647;
			files = (
			);
			runOnlyForDeploymentPostprocessing = 0;
		};
		1BE8DDE41DC911CB0038A78C /* Resources */ = {
			isa = PBXResourcesBuildPhase;
			buildActionMask = 2147483647;
			files = (
			);
			runOnlyForDeploymentPostprocessing = 0;
		};
/* End PBXResourcesBuildPhase section */

/* Begin PBXSourcesBuildPhase section */
		1BE8DDC31DC911CB0038A78C /* Sources */ = {
			isa = PBXSourcesBuildPhase;
			buildActionMask = 2147483647;
			files = (
				1BE8DDCD1DC911CB0038A78C /* ViewController.swift in Sources */,
				1BE8DDFB1DC915460038A78C /* Secrets.swift in Sources */,
				1BE8DDCB1DC911CB0038A78C /* AppDelegate.swift in Sources */,
				1BE8DDFD1DC91AC40038A78C /* GithubUser.swift in Sources */,
				1BE8DDF91DC911E00038A78C /* GithubAPIClient.swift in Sources */,
				1BE8DDFF1DC91BCF0038A78C /* GithubUserDataStore.swift in Sources */,
			);
			runOnlyForDeploymentPostprocessing = 0;
		};
		1BE8DDD71DC911CB0038A78C /* Sources */ = {
			isa = PBXSourcesBuildPhase;
			buildActionMask = 2147483647;
			files = (
				1BE8DDE01DC911CB0038A78C /* AssessmentGithubTests.swift in Sources */,
			);
			runOnlyForDeploymentPostprocessing = 0;
		};
		1BE8DDE21DC911CB0038A78C /* Sources */ = {
			isa = PBXSourcesBuildPhase;
			buildActionMask = 2147483647;
			files = (
				1BE8DDEB1DC911CB0038A78C /* AssessmentGithubUITests.swift in Sources */,
			);
			runOnlyForDeploymentPostprocessing = 0;
		};
/* End PBXSourcesBuildPhase section */

/* Begin PBXTargetDependency section */
		1BE8DDDD1DC911CB0038A78C /* PBXTargetDependency */ = {
			isa = PBXTargetDependency;
			target = 1BE8DDC61DC911CB0038A78C /* AssessmentGithub */;
			targetProxy = 1BE8DDDC1DC911CB0038A78C /* PBXContainerItemProxy */;
		};
		1BE8DDE81DC911CB0038A78C /* PBXTargetDependency */ = {
			isa = PBXTargetDependency;
			target = 1BE8DDC61DC911CB0038A78C /* AssessmentGithub */;
			targetProxy = 1BE8DDE71DC911CB0038A78C /* PBXContainerItemProxy */;
		};
/* End PBXTargetDependency section */

/* Begin PBXVariantGroup section */
		1BE8DDCE1DC911CB0038A78C /* Main.storyboard */ = {
			isa = PBXVariantGroup;
			children = (
				1BE8DDCF1DC911CB0038A78C /* Base */,
			);
			name = Main.storyboard;
			sourceTree = "<group>";
		};
		1BE8DDD31DC911CB0038A78C /* LaunchScreen.storyboard */ = {
			isa = PBXVariantGroup;
			children = (
				1BE8DDD41DC911CB0038A78C /* Base */,
			);
			name = LaunchScreen.storyboard;
			sourceTree = "<group>";
		};
/* End PBXVariantGroup section */

/* Begin XCBuildConfiguration section */
		1BE8DDED1DC911CB0038A78C /* Debug */ = {
			isa = XCBuildConfiguration;
			buildSettings = {
				ALWAYS_SEARCH_USER_PATHS = NO;
				CLANG_ANALYZER_NONNULL = YES;
				CLANG_CXX_LANGUAGE_STANDARD = "gnu++0x";
				CLANG_CXX_LIBRARY = "libc++";
				CLANG_ENABLE_MODULES = YES;
				CLANG_ENABLE_OBJC_ARC = YES;
				CLANG_WARN_BOOL_CONVERSION = YES;
				CLANG_WARN_CONSTANT_CONVERSION = YES;
				CLANG_WARN_DIRECT_OBJC_ISA_USAGE = YES_ERROR;
				CLANG_WARN_EMPTY_BODY = YES;
				CLANG_WARN_ENUM_CONVERSION = YES;
				CLANG_WARN_INT_CONVERSION = YES;
				CLANG_WARN_OBJC_ROOT_CLASS = YES_ERROR;
				CLANG_WARN_UNREACHABLE_CODE = YES;
				CLANG_WARN__DUPLICATE_METHOD_MATCH = YES;
				"CODE_SIGN_IDENTITY[sdk=iphoneos*]" = "iPhone Developer";
				COPY_PHASE_STRIP = NO;
				DEBUG_INFORMATION_FORMAT = dwarf;
				ENABLE_STRICT_OBJC_MSGSEND = YES;
				ENABLE_TESTABILITY = YES;
				GCC_C_LANGUAGE_STANDARD = gnu99;
				GCC_DYNAMIC_NO_PIC = NO;
				GCC_NO_COMMON_BLOCKS = YES;
				GCC_OPTIMIZATION_LEVEL = 0;
				GCC_PREPROCESSOR_DEFINITIONS = (
					"DEBUG=1",
					"$(inherited)",
				);
				GCC_WARN_64_TO_32_BIT_CONVERSION = YES;
				GCC_WARN_ABOUT_RETURN_TYPE = YES_ERROR;
				GCC_WARN_UNDECLARED_SELECTOR = YES;
				GCC_WARN_UNINITIALIZED_AUTOS = YES_AGGRESSIVE;
				GCC_WARN_UNUSED_FUNCTION = YES;
				GCC_WARN_UNUSED_VARIABLE = YES;
				IPHONEOS_DEPLOYMENT_TARGET = 9.3;
				MTL_ENABLE_DEBUG_INFO = YES;
				ONLY_ACTIVE_ARCH = YES;
				SDKROOT = iphoneos;
				SWIFT_OPTIMIZATION_LEVEL = "-Onone";
			};
			name = Debug;
		};
		1BE8DDEE1DC911CB0038A78C /* Release */ = {
			isa = XCBuildConfiguration;
			buildSettings = {
				ALWAYS_SEARCH_USER_PATHS = NO;
				CLANG_ANALYZER_NONNULL = YES;
				CLANG_CXX_LANGUAGE_STANDARD = "gnu++0x";
				CLANG_CXX_LIBRARY = "libc++";
				CLANG_ENABLE_MODULES = YES;
				CLANG_ENABLE_OBJC_ARC = YES;
				CLANG_WARN_BOOL_CONVERSION = YES;
				CLANG_WARN_CONSTANT_CONVERSION = YES;
				CLANG_WARN_DIRECT_OBJC_ISA_USAGE = YES_ERROR;
				CLANG_WARN_EMPTY_BODY = YES;
				CLANG_WARN_ENUM_CONVERSION = YES;
				CLANG_WARN_INT_CONVERSION = YES;
				CLANG_WARN_OBJC_ROOT_CLASS = YES_ERROR;
				CLANG_WARN_UNREACHABLE_CODE = YES;
				CLANG_WARN__DUPLICATE_METHOD_MATCH = YES;
				"CODE_SIGN_IDENTITY[sdk=iphoneos*]" = "iPhone Developer";
				COPY_PHASE_STRIP = NO;
				DEBUG_INFORMATION_FORMAT = "dwarf-with-dsym";
				ENABLE_NS_ASSERTIONS = NO;
				ENABLE_STRICT_OBJC_MSGSEND = YES;
				GCC_C_LANGUAGE_STANDARD = gnu99;
				GCC_NO_COMMON_BLOCKS = YES;
				GCC_WARN_64_TO_32_BIT_CONVERSION = YES;
				GCC_WARN_ABOUT_RETURN_TYPE = YES_ERROR;
				GCC_WARN_UNDECLARED_SELECTOR = YES;
				GCC_WARN_UNINITIALIZED_AUTOS = YES_AGGRESSIVE;
				GCC_WARN_UNUSED_FUNCTION = YES;
				GCC_WARN_UNUSED_VARIABLE = YES;
				IPHONEOS_DEPLOYMENT_TARGET = 9.3;
				MTL_ENABLE_DEBUG_INFO = NO;
				SDKROOT = iphoneos;
				VALIDATE_PRODUCT = YES;
			};
			name = Release;
		};
		1BE8DDF01DC911CB0038A78C /* Debug */ = {
			isa = XCBuildConfiguration;
			buildSettings = {
				ASSETCATALOG_COMPILER_APPICON_NAME = AppIcon;
				INFOPLIST_FILE = AssessmentGithub/Info.plist;
				LD_RUNPATH_SEARCH_PATHS = "$(inherited) @executable_path/Frameworks";
				PRODUCT_BUNDLE_IDENTIFIER = com.first.AssessmentGithub;
				PRODUCT_NAME = "$(TARGET_NAME)";
			};
			name = Debug;
		};
		1BE8DDF11DC911CB0038A78C /* Release */ = {
			isa = XCBuildConfiguration;
			buildSettings = {
				ASSETCATALOG_COMPILER_APPICON_NAME = AppIcon;
				INFOPLIST_FILE = AssessmentGithub/Info.plist;
				LD_RUNPATH_SEARCH_PATHS = "$(inherited) @executable_path/Frameworks";
				PRODUCT_BUNDLE_IDENTIFIER = com.first.AssessmentGithub;
				PRODUCT_NAME = "$(TARGET_NAME)";
			};
			name = Release;
		};
		1BE8DDF31DC911CB0038A78C /* Debug */ = {
			isa = XCBuildConfiguration;
			buildSettings = {
				BUNDLE_LOADER = "$(TEST_HOST)";
				INFOPLIST_FILE = AssessmentGithubTests/Info.plist;
				LD_RUNPATH_SEARCH_PATHS = "$(inherited) @executable_path/Frameworks @loader_path/Frameworks";
				PRODUCT_BUNDLE_IDENTIFIER = com.first.AssessmentGithubTests;
				PRODUCT_NAME = "$(TARGET_NAME)";
				TEST_HOST = "$(BUILT_PRODUCTS_DIR)/AssessmentGithub.app/AssessmentGithub";
			};
			name = Debug;
		};
		1BE8DDF41DC911CB0038A78C /* Release */ = {
			isa = XCBuildConfiguration;
			buildSettings = {
				BUNDLE_LOADER = "$(TEST_HOST)";
				INFOPLIST_FILE = AssessmentGithubTests/Info.plist;
				LD_RUNPATH_SEARCH_PATHS = "$(inherited) @executable_path/Frameworks @loader_path/Frameworks";
				PRODUCT_BUNDLE_IDENTIFIER = com.first.AssessmentGithubTests;
				PRODUCT_NAME = "$(TARGET_NAME)";
				TEST_HOST = "$(BUILT_PRODUCTS_DIR)/AssessmentGithub.app/AssessmentGithub";
			};
			name = Release;
		};
		1BE8DDF61DC911CB0038A78C /* Debug */ = {
			isa = XCBuildConfiguration;
			buildSettings = {
				INFOPLIST_FILE = AssessmentGithubUITests/Info.plist;
				LD_RUNPATH_SEARCH_PATHS = "$(inherited) @executable_path/Frameworks @loader_path/Frameworks";
				PRODUCT_BUNDLE_IDENTIFIER = com.first.AssessmentGithubUITests;
				PRODUCT_NAME = "$(TARGET_NAME)";
				TEST_TARGET_NAME = AssessmentGithub;
			};
			name = Debug;
		};
		1BE8DDF71DC911CB0038A78C /* Release */ = {
			isa = XCBuildConfiguration;
			buildSettings = {
				INFOPLIST_FILE = AssessmentGithubUITests/Info.plist;
				LD_RUNPATH_SEARCH_PATHS = "$(inherited) @executable_path/Frameworks @loader_path/Frameworks";
				PRODUCT_BUNDLE_IDENTIFIER = com.first.AssessmentGithubUITests;
				PRODUCT_NAME = "$(TARGET_NAME)";
				TEST_TARGET_NAME = AssessmentGithub;
			};
			name = Release;
		};
/* End XCBuildConfiguration section */

/* Begin XCConfigurationList section */
		1BE8DDC21DC911CB0038A78C /* Build configuration list for PBXProject "AssessmentGithub" */ = {
			isa = XCConfigurationList;
			buildConfigurations = (
				1BE8DDED1DC911CB0038A78C /* Debug */,
				1BE8DDEE1DC911CB0038A78C /* Release */,
			);
			defaultConfigurationIsVisible = 0;
			defaultConfigurationName = Release;
		};
		1BE8DDEF1DC911CB0038A78C /* Build configuration list for PBXNativeTarget "AssessmentGithub" */ = {
			isa = XCConfigurationList;
			buildConfigurations = (
				1BE8DDF01DC911CB0038A78C /* Debug */,
				1BE8DDF11DC911CB0038A78C /* Release */,
			);
			defaultConfigurationIsVisible = 0;
		};
		1BE8DDF21DC911CB0038A78C /* Build configuration list for PBXNativeTarget "AssessmentGithubTests" */ = {
			isa = XCConfigurationList;
			buildConfigurations = (
				1BE8DDF31DC911CB0038A78C /* Debug */,
				1BE8DDF41DC911CB0038A78C /* Release */,
			);
			defaultConfigurationIsVisible = 0;
		};
		1BE8DDF51DC911CB0038A78C /* Build configuration list for PBXNativeTarget "AssessmentGithubUITests" */ = {
			isa = XCConfigurationList;
			buildConfigurations = (
				1BE8DDF61DC911CB0038A78C /* Debug */,
				1BE8DDF71DC911CB0038A78C /* Release */,
			);
			defaultConfigurationIsVisible = 0;
		};
/* End XCConfigurationList section */
	};
	rootObject = 1BE8DDBF1DC911CB0038A78C /* Project object */;
}
